// !$*UTF8*$!
{
	archiveVersion = 1;
	classes = {
	};
	objectVersion = 50;
	objects = {

/* Begin PBXBuildFile section */
		ACB91EA8279B34DA00F5A1E8 /* AppDelegate.swift in Sources */ = {isa = PBXBuildFile; fileRef = ACB91EA7279B34DA00F5A1E8 /* AppDelegate.swift */; };
		ACB91EAA279B34DA00F5A1E8 /* SceneDelegate.swift in Sources */ = {isa = PBXBuildFile; fileRef = ACB91EA9279B34DA00F5A1E8 /* SceneDelegate.swift */; };
		ACB91EAC279B34DA00F5A1E8 /* ViewController.swift in Sources */ = {isa = PBXBuildFile; fileRef = ACB91EAB279B34DA00F5A1E8 /* ViewController.swift */; };
		ACB91EAF279B34DA00F5A1E8 /* Main.storyboard in Resources */ = {isa = PBXBuildFile; fileRef = ACB91EAD279B34DA00F5A1E8 /* Main.storyboard */; };
		ACB91EB1279B34E700F5A1E8 /* Assets.xcassets in Resources */ = {isa = PBXBuildFile; fileRef = ACB91EB0279B34E700F5A1E8 /* Assets.xcassets */; };
		ACB91EB4279B34E700F5A1E8 /* LaunchScreen.storyboard in Resources */ = {isa = PBXBuildFile; fileRef = ACB91EB2279B34E700F5A1E8 /* LaunchScreen.storyboard */; };
		ACB91EBF279B34E800F5A1E8 /* PreworkTests.swift in Sources */ = {isa = PBXBuildFile; fileRef = ACB91EBE279B34E800F5A1E8 /* PreworkTests.swift */; };
		ACB91ECA279B34E800F5A1E8 /* PreworkUITests.swift in Sources */ = {isa = PBXBuildFile; fileRef = ACB91EC9279B34E800F5A1E8 /* PreworkUITests.swift */; };
/* End PBXBuildFile section */

/* Begin PBXContainerItemProxy section */
		ACB91EBB279B34E800F5A1E8 /* PBXContainerItemProxy */ = {
			isa = PBXContainerItemProxy;
			containerPortal = ACB91E9C279B34D900F5A1E8 /* Project object */;
			proxyType = 1;
			remoteGlobalIDString = ACB91EA3279B34DA00F5A1E8;
			remoteInfo = Prework;
		};
		ACB91EC6279B34E800F5A1E8 /* PBXContainerItemProxy */ = {
			isa = PBXContainerItemProxy;
			containerPortal = ACB91E9C279B34D900F5A1E8 /* Project object */;
			proxyType = 1;
			remoteGlobalIDString = ACB91EA3279B34DA00F5A1E8;
			remoteInfo = Prework;
		};
/* End PBXContainerItemProxy section */

/* Begin PBXFileReference section */
		ACB91EA4279B34DA00F5A1E8 /* Prework.app */ = {isa = PBXFileReference; explicitFileType = wrapper.application; includeInIndex = 0; path = Prework.app; sourceTree = BUILT_PRODUCTS_DIR; };
		ACB91EA7279B34DA00F5A1E8 /* AppDelegate.swift */ = {isa = PBXFileReference; lastKnownFileType = sourcecode.swift; path = AppDelegate.swift; sourceTree = "<group>"; };
		ACB91EA9279B34DA00F5A1E8 /* SceneDelegate.swift */ = {isa = PBXFileReference; lastKnownFileType = sourcecode.swift; path = SceneDelegate.swift; sourceTree = "<group>"; };
		ACB91EAB279B34DA00F5A1E8 /* ViewController.swift */ = {isa = PBXFileReference; lastKnownFileType = sourcecode.swift; path = ViewController.swift; sourceTree = "<group>"; };
		ACB91EAE279B34DA00F5A1E8 /* Base */ = {isa = PBXFileReference; lastKnownFileType = file.storyboard; name = Base; path = Base.lproj/Main.storyboard; sourceTree = "<group>"; };
		ACB91EB0279B34E700F5A1E8 /* Assets.xcassets */ = {isa = PBXFileReference; lastKnownFileType = folder.assetcatalog; path = Assets.xcassets; sourceTree = "<group>"; };
		ACB91EB3279B34E700F5A1E8 /* Base */ = {isa = PBXFileReference; lastKnownFileType = file.storyboard; name = Base; path = Base.lproj/LaunchScreen.storyboard; sourceTree = "<group>"; };
		ACB91EB5279B34E700F5A1E8 /* Info.plist */ = {isa = PBXFileReference; lastKnownFileType = text.plist.xml; path = Info.plist; sourceTree = "<group>"; };
		ACB91EBA279B34E800F5A1E8 /* PreworkTests.xctest */ = {isa = PBXFileReference; explicitFileType = wrapper.cfbundle; includeInIndex = 0; path = PreworkTests.xctest; sourceTree = BUILT_PRODUCTS_DIR; };
		ACB91EBE279B34E800F5A1E8 /* PreworkTests.swift */ = {isa = PBXFileReference; lastKnownFileType = sourcecode.swift; path = PreworkTests.swift; sourceTree = "<group>"; };
		ACB91EC0279B34E800F5A1E8 /* Info.plist */ = {isa = PBXFileReference; lastKnownFileType = text.plist.xml; path = Info.plist; sourceTree = "<group>"; };
		ACB91EC5279B34E800F5A1E8 /* PreworkUITests.xctest */ = {isa = PBXFileReference; explicitFileType = wrapper.cfbundle; includeInIndex = 0; path = PreworkUITests.xctest; sourceTree = BUILT_PRODUCTS_DIR; };
		ACB91EC9279B34E800F5A1E8 /* PreworkUITests.swift */ = {isa = PBXFileReference; lastKnownFileType = sourcecode.swift; path = PreworkUITests.swift; sourceTree = "<group>"; };
		ACB91ECB279B34E800F5A1E8 /* Info.plist */ = {isa = PBXFileReference; lastKnownFileType = text.plist.xml; path = Info.plist; sourceTree = "<group>"; };
/* End PBXFileReference section */

/* Begin PBXFrameworksBuildPhase section */
		ACB91EA1279B34DA00F5A1E8 /* Frameworks */ = {
			isa = PBXFrameworksBuildPhase;
			buildActionMask = 2147483647;
			files = (
			);
			runOnlyForDeploymentPostprocessing = 0;
		};
		ACB91EB7279B34E800F5A1E8 /* Frameworks */ = {
			isa = PBXFrameworksBuildPhase;
			buildActionMask = 2147483647;
			files = (
			);
			runOnlyForDeploymentPostprocessing = 0;
		};
		ACB91EC2279B34E800F5A1E8 /* Frameworks */ = {
			isa = PBXFrameworksBuildPhase;
			buildActionMask = 2147483647;
			files = (
			);
			runOnlyForDeploymentPostprocessing = 0;
		};
/* End PBXFrameworksBuildPhase section */

/* Begin PBXGroup section */
		ACB91E9B279B34D900F5A1E8 = {
			isa = PBXGroup;
			children = (
				ACB91EA6279B34DA00F5A1E8 /* Prework */,
				ACB91EBD279B34E800F5A1E8 /* PreworkTests */,
				ACB91EC8279B34E800F5A1E8 /* PreworkUITests */,
				ACB91EA5279B34DA00F5A1E8 /* Products */,
			);
			sourceTree = "<group>";
		};
		ACB91EA5279B34DA00F5A1E8 /* Products */ = {
			isa = PBXGroup;
			children = (
				ACB91EA4279B34DA00F5A1E8 /* Prework.app */,
				ACB91EBA279B34E800F5A1E8 /* PreworkTests.xctest */,
				ACB91EC5279B34E800F5A1E8 /* PreworkUITests.xctest */,
			);
			name = Products;
			sourceTree = "<group>";
		};
		ACB91EA6279B34DA00F5A1E8 /* Prework */ = {
			isa = PBXGroup;
			children = (
				ACB91EA7279B34DA00F5A1E8 /* AppDelegate.swift */,
				ACB91EA9279B34DA00F5A1E8 /* SceneDelegate.swift */,
				ACB91EAB279B34DA00F5A1E8 /* ViewController.swift */,
				ACB91EAD279B34DA00F5A1E8 /* Main.storyboard */,
				ACB91EB0279B34E700F5A1E8 /* Assets.xcassets */,
				ACB91EB2279B34E700F5A1E8 /* LaunchScreen.storyboard */,
				ACB91EB5279B34E700F5A1E8 /* Info.plist */,
			);
			path = Prework;
			sourceTree = "<group>";
		};
		ACB91EBD279B34E800F5A1E8 /* PreworkTests */ = {
			isa = PBXGroup;
			children = (
				ACB91EBE279B34E800F5A1E8 /* PreworkTests.swift */,
				ACB91EC0279B34E800F5A1E8 /* Info.plist */,
			);
			path = PreworkTests;
			sourceTree = "<group>";
		};
		ACB91EC8279B34E800F5A1E8 /* PreworkUITests */ = {
			isa = PBXGroup;
			children = (
				ACB91EC9279B34E800F5A1E8 /* PreworkUITests.swift */,
				ACB91ECB279B34E800F5A1E8 /* Info.plist */,
			);
			path = PreworkUITests;
			sourceTree = "<group>";
		};
/* End PBXGroup section */

/* Begin PBXNativeTarget section */
		ACB91EA3279B34DA00F5A1E8 /* Prework */ = {
			isa = PBXNativeTarget;
			buildConfigurationList = ACB91ECE279B34E800F5A1E8 /* Build configuration list for PBXNativeTarget "Prework" */;
			buildPhases = (
				ACB91EA0279B34DA00F5A1E8 /* Sources */,
				ACB91EA1279B34DA00F5A1E8 /* Frameworks */,
				ACB91EA2279B34DA00F5A1E8 /* Resources */,
			);
			buildRules = (
			);
			dependencies = (
			);
			name = Prework;
			productName = Prework;
			productReference = ACB91EA4279B34DA00F5A1E8 /* Prework.app */;
			productType = "com.apple.product-type.application";
		};
		ACB91EB9279B34E800F5A1E8 /* PreworkTests */ = {
			isa = PBXNativeTarget;
			buildConfigurationList = ACB91ED1279B34E800F5A1E8 /* Build configuration list for PBXNativeTarget "PreworkTests" */;
			buildPhases = (
				ACB91EB6279B34E800F5A1E8 /* Sources */,
				ACB91EB7279B34E800F5A1E8 /* Frameworks */,
				ACB91EB8279B34E800F5A1E8 /* Resources */,
			);
			buildRules = (
			);
			dependencies = (
				ACB91EBC279B34E800F5A1E8 /* PBXTargetDependency */,
			);
			name = PreworkTests;
			productName = PreworkTests;
			productReference = ACB91EBA279B34E800F5A1E8 /* PreworkTests.xctest */;
			productType = "com.apple.product-type.bundle.unit-test";
		};
		ACB91EC4279B34E800F5A1E8 /* PreworkUITests */ = {
			isa = PBXNativeTarget;
			buildConfigurationList = ACB91ED4279B34E800F5A1E8 /* Build configuration list for PBXNativeTarget "PreworkUITests" */;
			buildPhases = (
				ACB91EC1279B34E800F5A1E8 /* Sources */,
				ACB91EC2279B34E800F5A1E8 /* Frameworks */,
				ACB91EC3279B34E800F5A1E8 /* Resources */,
			);
			buildRules = (
			);
			dependencies = (
				ACB91EC7279B34E800F5A1E8 /* PBXTargetDependency */,
			);
			name = PreworkUITests;
			productName = PreworkUITests;
			productReference = ACB91EC5279B34E800F5A1E8 /* PreworkUITests.xctest */;
			productType = "com.apple.product-type.bundle.ui-testing";
		};
/* End PBXNativeTarget section */

/* Begin PBXProject section */
		ACB91E9C279B34D900F5A1E8 /* Project object */ = {
			isa = PBXProject;
			attributes = {
				LastSwiftUpdateCheck = 1240;
				LastUpgradeCheck = 1240;
				TargetAttributes = {
					ACB91EA3279B34DA00F5A1E8 = {
						CreatedOnToolsVersion = 12.4;
					};
					ACB91EB9279B34E800F5A1E8 = {
						CreatedOnToolsVersion = 12.4;
						TestTargetID = ACB91EA3279B34DA00F5A1E8;
					};
					ACB91EC4279B34E800F5A1E8 = {
						CreatedOnToolsVersion = 12.4;
						TestTargetID = ACB91EA3279B34DA00F5A1E8;
					};
				};
			};
			buildConfigurationList = ACB91E9F279B34D900F5A1E8 /* Build configuration list for PBXProject "Prework" */;
			compatibilityVersion = "Xcode 9.3";
			developmentRegion = en;
			hasScannedForEncodings = 0;
			knownRegions = (
				en,
				Base,
			);
			mainGroup = ACB91E9B279B34D900F5A1E8;
			productRefGroup = ACB91EA5279B34DA00F5A1E8 /* Products */;
			projectDirPath = "";
			projectRoot = "";
			targets = (
				ACB91EA3279B34DA00F5A1E8 /* Prework */,
				ACB91EB9279B34E800F5A1E8 /* PreworkTests */,
				ACB91EC4279B34E800F5A1E8 /* PreworkUITests */,
			);
		};
/* End PBXProject section */

/* Begin PBXResourcesBuildPhase section */
		ACB91EA2279B34DA00F5A1E8 /* Resources */ = {
			isa = PBXResourcesBuildPhase;
			buildActionMask = 2147483647;
			files = (
				ACB91EB4279B34E700F5A1E8 /* LaunchScreen.storyboard in Resources */,
				ACB91EB1279B34E700F5A1E8 /* Assets.xcassets in Resources */,
				ACB91EAF279B34DA00F5A1E8 /* Main.storyboard in Resources */,
			);
			runOnlyForDeploymentPostprocessing = 0;
		};
		ACB91EB8279B34E800F5A1E8 /* Resources */ = {
			isa = PBXResourcesBuildPhase;
			buildActionMask = 2147483647;
			files = (
			);
			runOnlyForDeploymentPostprocessing = 0;
		};
		ACB91EC3279B34E800F5A1E8 /* Resources */ = {
			isa = PBXResourcesBuildPhase;
			buildActionMask = 2147483647;
			files = (
			);
			runOnlyForDeploymentPostprocessing = 0;
		};
/* End PBXResourcesBuildPhase section */

/* Begin PBXSourcesBuildPhase section */
		ACB91EA0279B34DA00F5A1E8 /* Sources */ = {
			isa = PBXSourcesBuildPhase;
			buildActionMask = 2147483647;
			files = (
				ACB91EAC279B34DA00F5A1E8 /* ViewController.swift in Sources */,
				ACB91EA8279B34DA00F5A1E8 /* AppDelegate.swift in Sources */,
				ACB91EAA279B34DA00F5A1E8 /* SceneDelegate.swift in Sources */,
			);
			runOnlyForDeploymentPostprocessing = 0;
		};
		ACB91EB6279B34E800F5A1E8 /* Sources */ = {
			isa = PBXSourcesBuildPhase;
			buildActionMask = 2147483647;
			files = (
				ACB91EBF279B34E800F5A1E8 /* PreworkTests.swift in Sources */,
			);
			runOnlyForDeploymentPostprocessing = 0;
		};
		ACB91EC1279B34E800F5A1E8 /* Sources */ = {
			isa = PBXSourcesBuildPhase;
			buildActionMask = 2147483647;
			files = (
				ACB91ECA279B34E800F5A1E8 /* PreworkUITests.swift in Sources */,
			);
			runOnlyForDeploymentPostprocessing = 0;
		};
/* End PBXSourcesBuildPhase section */

/* Begin PBXTargetDependency section */
		ACB91EBC279B34E800F5A1E8 /* PBXTargetDependency */ = {
			isa = PBXTargetDependency;
			target = ACB91EA3279B34DA00F5A1E8 /* Prework */;
			targetProxy = ACB91EBB279B34E800F5A1E8 /* PBXContainerItemProxy */;
		};
		ACB91EC7279B34E800F5A1E8 /* PBXTargetDependency */ = {
			isa = PBXTargetDependency;
			target = ACB91EA3279B34DA00F5A1E8 /* Prework */;
			targetProxy = ACB91EC6279B34E800F5A1E8 /* PBXContainerItemProxy */;
		};
/* End PBXTargetDependency section */

/* Begin PBXVariantGroup section */
		ACB91EAD279B34DA00F5A1E8 /* Main.storyboard */ = {
			isa = PBXVariantGroup;
			children = (
				ACB91EAE279B34DA00F5A1E8 /* Base */,
			);
			name = Main.storyboard;
			sourceTree = "<group>";
		};
		ACB91EB2279B34E700F5A1E8 /* LaunchScreen.storyboard */ = {
			isa = PBXVariantGroup;
			children = (
				ACB91EB3279B34E700F5A1E8 /* Base */,
			);
			name = LaunchScreen.storyboard;
			sourceTree = "<group>";
		};
/* End PBXVariantGroup section */

/* Begin XCBuildConfiguration section */
		ACB91ECC279B34E800F5A1E8 /* Debug */ = {
			isa = XCBuildConfiguration;
			buildSettings = {
				ALWAYS_SEARCH_USER_PATHS = NO;
				CLANG_ANALYZER_NONNULL = YES;
				CLANG_ANALYZER_NUMBER_OBJECT_CONVERSION = YES_AGGRESSIVE;
				CLANG_CXX_LANGUAGE_STANDARD = "gnu++14";
				CLANG_CXX_LIBRARY = "libc++";
				CLANG_ENABLE_MODULES = YES;
				CLANG_ENABLE_OBJC_ARC = YES;
				CLANG_ENABLE_OBJC_WEAK = YES;
				CLANG_WARN_BLOCK_CAPTURE_AUTORELEASING = YES;
				CLANG_WARN_BOOL_CONVERSION = YES;
				CLANG_WARN_COMMA = YES;
				CLANG_WARN_CONSTANT_CONVERSION = YES;
				CLANG_WARN_DEPRECATED_OBJC_IMPLEMENTATIONS = YES;
				CLANG_WARN_DIRECT_OBJC_ISA_USAGE = YES_ERROR;
				CLANG_WARN_DOCUMENTATION_COMMENTS = YES;
				CLANG_WARN_EMPTY_BODY = YES;
				CLANG_WARN_ENUM_CONVERSION = YES;
				CLANG_WARN_INFINITE_RECURSION = YES;
				CLANG_WARN_INT_CONVERSION = YES;
				CLANG_WARN_NON_LITERAL_NULL_CONVERSION = YES;
				CLANG_WARN_OBJC_IMPLICIT_RETAIN_SELF = YES;
				CLANG_WARN_OBJC_LITERAL_CONVERSION = YES;
				CLANG_WARN_OBJC_ROOT_CLASS = YES_ERROR;
				CLANG_WARN_QUOTED_INCLUDE_IN_FRAMEWORK_HEADER = YES;
				CLANG_WARN_RANGE_LOOP_ANALYSIS = YES;
				CLANG_WARN_STRICT_PROTOTYPES = YES;
				CLANG_WARN_SUSPICIOUS_MOVE = YES;
				CLANG_WARN_UNGUARDED_AVAILABILITY = YES_AGGRESSIVE;
				CLANG_WARN_UNREACHABLE_CODE = YES;
				CLANG_WARN__DUPLICATE_METHOD_MATCH = YES;
				COPY_PHASE_STRIP = NO;
				DEBUG_INFORMATION_FORMAT = dwarf;
				ENABLE_STRICT_OBJC_MSGSEND = YES;
				ENABLE_TESTABILITY = YES;
				GCC_C_LANGUAGE_STANDARD = gnu11;
				GCC_DYNAMIC_NO_PIC = NO;
				GCC_NO_COMMON_BLOCKS = YES;
				GCC_OPTIMIZATION_LEVEL = 0;
				GCC_PREPROCESSOR_DEFINITIONS = (
					"DEBUG=1",
					"$(inherited)",
				);
				GCC_WARN_64_TO_32_BIT_CONVERSION = YES;
				GCC_WARN_ABOUT_RETURN_TYPE = YES_ERROR;
				GCC_WARN_UNDECLARED_SELECTOR = YES;
				GCC_WARN_UNINITIALIZED_AUTOS = YES_AGGRESSIVE;
				GCC_WARN_UNUSED_FUNCTION = YES;
				GCC_WARN_UNUSED_VARIABLE = YES;
				IPHONEOS_DEPLOYMENT_TARGET = 14.4;
				MTL_ENABLE_DEBUG_INFO = INCLUDE_SOURCE;
				MTL_FAST_MATH = YES;
				ONLY_ACTIVE_ARCH = YES;
				SDKROOT = iphoneos;
				SWIFT_ACTIVE_COMPILATION_CONDITIONS = DEBUG;
				SWIFT_OPTIMIZATION_LEVEL = "-Onone";
			};
			name = Debug;
		};
		ACB91ECD279B34E800F5A1E8 /* Release */ = {
			isa = XCBuildConfiguration;
			buildSettings = {
				ALWAYS_SEARCH_USER_PATHS = NO;
				CLANG_ANALYZER_NONNULL = YES;
				CLANG_ANALYZER_NUMBER_OBJECT_CONVERSION = YES_AGGRESSIVE;
				CLANG_CXX_LANGUAGE_STANDARD = "gnu++14";
				CLANG_CXX_LIBRARY = "libc++";
				CLANG_ENABLE_MODULES = YES;
				CLANG_ENABLE_OBJC_ARC = YES;
				CLANG_ENABLE_OBJC_WEAK = YES;
				CLANG_WARN_BLOCK_CAPTURE_AUTORELEASING = YES;
				CLANG_WARN_BOOL_CONVERSION = YES;
				CLANG_WARN_COMMA = YES;
				CLANG_WARN_CONSTANT_CONVERSION = YES;
				CLANG_WARN_DEPRECATED_OBJC_IMPLEMENTATIONS = YES;
				CLANG_WARN_DIRECT_OBJC_ISA_USAGE = YES_ERROR;
				CLANG_WARN_DOCUMENTATION_COMMENTS = YES;
				CLANG_WARN_EMPTY_BODY = YES;
				CLANG_WARN_ENUM_CONVERSION = YES;
				CLANG_WARN_INFINITE_RECURSION = YES;
				CLANG_WARN_INT_CONVERSION = YES;
				CLANG_WARN_NON_LITERAL_NULL_CONVERSION = YES;
				CLANG_WARN_OBJC_IMPLICIT_RETAIN_SELF = YES;
				CLANG_WARN_OBJC_LITERAL_CONVERSION = YES;
				CLANG_WARN_OBJC_ROOT_CLASS = YES_ERROR;
				CLANG_WARN_QUOTED_INCLUDE_IN_FRAMEWORK_HEADER = YES;
				CLANG_WARN_RANGE_LOOP_ANALYSIS = YES;
				CLANG_WARN_STRICT_PROTOTYPES = YES;
				CLANG_WARN_SUSPICIOUS_MOVE = YES;
				CLANG_WARN_UNGUARDED_AVAILABILITY = YES_AGGRESSIVE;
				CLANG_WARN_UNREACHABLE_CODE = YES;
				CLANG_WARN__DUPLICATE_METHOD_MATCH = YES;
				COPY_PHASE_STRIP = NO;
				DEBUG_INFORMATION_FORMAT = "dwarf-with-dsym";
				ENABLE_NS_ASSERTIONS = NO;
				ENABLE_STRICT_OBJC_MSGSEND = YES;
				GCC_C_LANGUAGE_STANDARD = gnu11;
				GCC_NO_COMMON_BLOCKS = YES;
				GCC_WARN_64_TO_32_BIT_CONVERSION = YES;
				GCC_WARN_ABOUT_RETURN_TYPE = YES_ERROR;
				GCC_WARN_UNDECLARED_SELECTOR = YES;
				GCC_WARN_UNINITIALIZED_AUTOS = YES_AGGRESSIVE;
				GCC_WARN_UNUSED_FUNCTION = YES;
				GCC_WARN_UNUSED_VARIABLE = YES;
				IPHONEOS_DEPLOYMENT_TARGET = 14.4;
				MTL_ENABLE_DEBUG_INFO = NO;
				MTL_FAST_MATH = YES;
				SDKROOT = iphoneos;
				SWIFT_COMPILATION_MODE = wholemodule;
				SWIFT_OPTIMIZATION_LEVEL = "-O";
				VALIDATE_PRODUCT = YES;
			};
			name = Release;
		};
		ACB91ECF279B34E800F5A1E8 /* Debug */ = {
			isa = XCBuildConfiguration;
			buildSettings = {
				ASSETCATALOG_COMPILER_APPICON_NAME = AppIcon;
				ASSETCATALOG_COMPILER_GLOBAL_ACCENT_COLOR_NAME = AccentColor;
				CODE_SIGN_STYLE = Automatic;
				INFOPLIST_FILE = Prework/Info.plist;
				LD_RUNPATH_SEARCH_PATHS = (
					"$(inherited)",
					"@executable_path/Frameworks",
				);
				PRODUCT_BUNDLE_IDENTIFIER = memo.com.Prework;
				PRODUCT_NAME = "$(TARGET_NAME)";
				SWIFT_VERSION = 5.0;
				TARGETED_DEVICE_FAMILY = "1,2";
			};
			name = Debug;
		};
		ACB91ED0279B34E800F5A1E8 /* Release */ = {
			isa = XCBuildConfiguration;
			buildSettings = {
				ASSETCATALOG_COMPILER_APPICON_NAME = AppIcon;
				ASSETCATALOG_COMPILER_GLOBAL_ACCENT_COLOR_NAME = AccentColor;
				CODE_SIGN_STYLE = Automatic;
				INFOPLIST_FILE = Prework/Info.plist;
				LD_RUNPATH_SEARCH_PATHS = (
					"$(inherited)",
					"@executable_path/Frameworks",
				);
				PRODUCT_BUNDLE_IDENTIFIER = memo.com.Prework;
				PRODUCT_NAME = "$(TARGET_NAME)";
				SWIFT_VERSION = 5.0;
				TARGETED_DEVICE_FAMILY = "1,2";
			};
			name = Release;
		};
		ACB91ED2279B34E800F5A1E8 /* Debug */ = {
			isa = XCBuildConfiguration;
			buildSettings = {
				ALWAYS_EMBED_SWIFT_STANDARD_LIBRARIES = YES;
				BUNDLE_LOADER = "$(TEST_HOST)";
				CODE_SIGN_STYLE = Automatic;
				INFOPLIST_FILE = PreworkTests/Info.plist;
				IPHONEOS_DEPLOYMENT_TARGET = 14.4;
				LD_RUNPATH_SEARCH_PATHS = (
					"$(inherited)",
					"@executable_path/Frameworks",
					"@loader_path/Frameworks",
				);
				PRODUCT_BUNDLE_IDENTIFIER = memo.com.PreworkTests;
				PRODUCT_NAME = "$(TARGET_NAME)";
				SWIFT_VERSION = 5.0;
				TARGETED_DEVICE_FAMILY = "1,2";
				TEST_HOST = "$(BUILT_PRODUCTS_DIR)/Prework.app/Prework";
			};
			name = Debug;
		};
		ACB91ED3279B34E800F5A1E8 /* Release */ = {
			isa = XCBuildConfiguration;
			buildSettings = {
				ALWAYS_EMBED_SWIFT_STANDARD_LIBRARIES = YES;
				BUNDLE_LOADER = "$(TEST_HOST)";
				CODE_SIGN_STYLE = Automatic;
				INFOPLIST_FILE = PreworkTests/Info.plist;
				IPHONEOS_DEPLOYMENT_TARGET = 14.4;
				LD_RUNPATH_SEARCH_PATHS = (
					"$(inherited)",
					"@executable_path/Frameworks",
					"@loader_path/Frameworks",
				);
				PRODUCT_BUNDLE_IDENTIFIER = memo.com.PreworkTests;
				PRODUCT_NAME = "$(TARGET_NAME)";
				SWIFT_VERSION = 5.0;
				TARGETED_DEVICE_FAMILY = "1,2";
				TEST_HOST = "$(BUILT_PRODUCTS_DIR)/Prework.app/Prework";
			};
			name = Release;
		};
		ACB91ED5279B34E800F5A1E8 /* Debug */ = {
			isa = XCBuildConfiguration;
			buildSettings = {
				ALWAYS_EMBED_SWIFT_STANDARD_LIBRARIES = YES;
				CODE_SIGN_STYLE = Automatic;
				INFOPLIST_FILE = PreworkUITests/Info.plist;
				LD_RUNPATH_SEARCH_PATHS = (
					"$(inherited)",
					"@executable_path/Frameworks",
					"@loader_path/Frameworks",
				);
				PRODUCT_BUNDLE_IDENTIFIER = memo.com.PreworkUITests;
				PRODUCT_NAME = "$(TARGET_NAME)";
				SWIFT_VERSION = 5.0;
				TARGETED_DEVICE_FAMILY = "1,2";
				TEST_TARGET_NAME = Prework;
			};
			name = Debug;
		};
		ACB91ED6279B34E800F5A1E8 /* Release */ = {
			isa = XCBuildConfiguration;
			buildSettings = {
				ALWAYS_EMBED_SWIFT_STANDARD_LIBRARIES = YES;
				CODE_SIGN_STYLE = Automatic;
				INFOPLIST_FILE = PreworkUITests/Info.plist;
				LD_RUNPATH_SEARCH_PATHS = (
					"$(inherited)",
					"@executable_path/Frameworks",
					"@loader_path/Frameworks",
				);
				PRODUCT_BUNDLE_IDENTIFIER = memo.com.PreworkUITests;
				PRODUCT_NAME = "$(TARGET_NAME)";
				SWIFT_VERSION = 5.0;
				TARGETED_DEVICE_FAMILY = "1,2";
				TEST_TARGET_NAME = Prework;
			};
			name = Release;
		};
/* End XCBuildConfiguration section */

/* Begin XCConfigurationList section */
		ACB91E9F279B34D900F5A1E8 /* Build configuration list for PBXProject "Prework" */ = {
			isa = XCConfigurationList;
			buildConfigurations = (
				ACB91ECC279B34E800F5A1E8 /* Debug */,
				ACB91ECD279B34E800F5A1E8 /* Release */,
			);
			defaultConfigurationIsVisible = 0;
			defaultConfigurationName = Release;
		};
		ACB91ECE279B34E800F5A1E8 /* Build configuration list for PBXNativeTarget "Prework" */ = {
			isa = XCConfigurationList;
			buildConfigurations = (
				ACB91ECF279B34E800F5A1E8 /* Debug */,
				ACB91ED0279B34E800F5A1E8 /* Release */,
			);
			defaultConfigurationIsVisible = 0;
			defaultConfigurationName = Release;
		};
		ACB91ED1279B34E800F5A1E8 /* Build configuration list for PBXNativeTarget "PreworkTests" */ = {
			isa = XCConfigurationList;
			buildConfigurations = (
				ACB91ED2279B34E800F5A1E8 /* Debug */,
				ACB91ED3279B34E800F5A1E8 /* Release */,
			);
			defaultConfigurationIsVisible = 0;
			defaultConfigurationName = Release;
		};
		ACB91ED4279B34E800F5A1E8 /* Build configuration list for PBXNativeTarget "PreworkUITests" */ = {
			isa = XCConfigurationList;
			buildConfigurations = (
				ACB91ED5279B34E800F5A1E8 /* Debug */,
				ACB91ED6279B34E800F5A1E8 /* Release */,
			);
			defaultConfigurationIsVisible = 0;
			defaultConfigurationName = Release;
		};
/* End XCConfigurationList section */
	};
	rootObject = ACB91E9C279B34D900F5A1E8 /* Project object */;
}
